PODS:
  - SwiftFormat/CLI (0.52.7)
  - SwiftLint (0.53.0)

DEPENDENCIES:
  - SwiftFormat/CLI
  - SwiftLint

SPEC REPOS:
  https://github.com/CocoaPods/Specs.git:
    - SwiftFormat
    - SwiftLint

SPEC CHECKSUMS:
  SwiftFormat: 2c4785ad647322b41e027b9d4df160aef526a656
  SwiftLint: 5ce4d6a8ff83f1b5fd5ad5dbf30965d35af65e44

PODFILE CHECKSUM: 183ebbca013f34dde54b187ab6a3d8647ced9b9d

COCOAPODS: 1.12.1
