// !$*UTF8*$!
{
	archiveVersion = 1;
	classes = {
	};
	objectVersion = 55;
	objects = {

/* Begin PBXAggregateTarget section */
		26FCE71027D215C800C229DA /* SwiftFormat */ = {
			isa = PBXAggregateTarget;
			buildConfigurationList = 26FCE71127D215C800C229DA /* Build configuration list for PBXAggregateTarget "SwiftFormat" */;
			buildPhases = (
				26FCE71427D215DD00C229DA /* Extract Swift Version Number */,
				26FCE71527D215F400C229DA /* SwiftFormat */,
			);
			dependencies = (
			);
			name = SwiftFormat;
			productName = SwiftFormat;
		};
/* End PBXAggregateTarget section */

/* Begin PBXBuildFile section */
		268B60CD27DCD6EE002D6C84 /* UIDeviceProvider.swift in Sources */ = {isa = PBXBuildFile; fileRef = 268B60CC27DCD6EE002D6C84 /* UIDeviceProvider.swift */; };
		268B60D127DCD82D002D6C84 /* UIDeviceProviderMockTests.swift in Sources */ = {isa = PBXBuildFile; fileRef = 268B60D027DCD82D002D6C84 /* UIDeviceProviderMockTests.swift */; };
		268B60D427DCDD7F002D6C84 /* DeviceProvider.swift in Sources */ = {isa = PBXBuildFile; fileRef = 268B60D227DCDC36002D6C84 /* DeviceProvider.swift */; };
		268B60D627DCF981002D6C84 /* Optional+Stringified.swift in Sources */ = {isa = PBXBuildFile; fileRef = 268B60D527DCF981002D6C84 /* Optional+Stringified.swift */; };
		268B60D927DCF9EB002D6C84 /* OptionalStringifiedTests.swift in Sources */ = {isa = PBXBuildFile; fileRef = 268B60D827DCF9EB002D6C84 /* OptionalStringifiedTests.swift */; };
		26FCE6D327D1F9C600C229DA /* INCommonsExampleApp.swift in Sources */ = {isa = PBXBuildFile; fileRef = 26FCE6D227D1F9C600C229DA /* INCommonsExampleApp.swift */; };
		26FCE6D727D1F9C700C229DA /* Assets.xcassets in Resources */ = {isa = PBXBuildFile; fileRef = 26FCE6D627D1F9C700C229DA /* Assets.xcassets */; };
		26FCE6DA27D1F9C700C229DA /* Preview Assets.xcassets in Resources */ = {isa = PBXBuildFile; fileRef = 26FCE6D927D1F9C700C229DA /* Preview Assets.xcassets */; };
		26FCE6EB27D1FAD600C229DA /* INCommons.docc in Sources */ = {isa = PBXBuildFile; fileRef = 26FCE6EA27D1FAD600C229DA /* INCommons.docc */; };
		26FCE6F127D1FAD700C229DA /* INCommons.framework in Frameworks */ = {isa = PBXBuildFile; fileRef = 26FCE6E727D1FAD600C229DA /* INCommons.framework */; };
		26FCE6F927D1FAD700C229DA /* INCommons.h in Headers */ = {isa = PBXBuildFile; fileRef = 26FCE6E927D1FAD600C229DA /* INCommons.h */; settings = {ATTRIBUTES = (Public, ); }; };
		26FCE6FC27D1FAD700C229DA /* INCommons.framework in Frameworks */ = {isa = PBXBuildFile; fileRef = 26FCE6E727D1FAD600C229DA /* INCommons.framework */; };
		26FCE6FD27D1FAD700C229DA /* INCommons.framework in Embed Frameworks */ = {isa = PBXBuildFile; fileRef = 26FCE6E727D1FAD600C229DA /* INCommons.framework */; settings = {ATTRIBUTES = (CodeSignOnCopy, RemoveHeadersOnCopy, ); }; };
		26FCE75727D2698B00C229DA /* UIColor.swift in Sources */ = {isa = PBXBuildFile; fileRef = 26FCE74D27D2698B00C229DA /* UIColor.swift */; };
		26FCE75827D2698B00C229DA /* UIImage+UIView.swift in Sources */ = {isa = PBXBuildFile; fileRef = 26FCE74E27D2698B00C229DA /* UIImage+UIView.swift */; };
		26FCE75927D2698B00C229DA /* UIDevice.swift in Sources */ = {isa = PBXBuildFile; fileRef = 26FCE74F27D2698B00C229DA /* UIDevice.swift */; };
		26FCE75A27D2698B00C229DA /* UIEdgeInsets.swift in Sources */ = {isa = PBXBuildFile; fileRef = 26FCE75027D2698B00C229DA /* UIEdgeInsets.swift */; };
		26FCE75B27D2698B00C229DA /* View+Conditions.swift in Sources */ = {isa = PBXBuildFile; fileRef = 26FCE75227D2698B00C229DA /* View+Conditions.swift */; };
		26FCE75C27D2698B00C229DA /* View+Frame.swift in Sources */ = {isa = PBXBuildFile; fileRef = 26FCE75327D2698B00C229DA /* View+Frame.swift */; };
		26FCE75E27D2698B00C229DA /* ShareSheet.swift in Sources */ = {isa = PBXBuildFile; fileRef = 26FCE75627D2698B00C229DA /* ShareSheet.swift */; };
		26FCE76727D2699E00C229DA /* Int+Time.swift in Sources */ = {isa = PBXBuildFile; fileRef = 26FCE75F27D2699E00C229DA /* Int+Time.swift */; };
		26FCE76927D2699E00C229DA /* With.swift in Sources */ = {isa = PBXBuildFile; fileRef = 26FCE76127D2699E00C229DA /* With.swift */; };
		26FCE76A27D2699E00C229DA /* Double+Time.swift in Sources */ = {isa = PBXBuildFile; fileRef = 26FCE76227D2699E00C229DA /* Double+Time.swift */; };
		26FCE76B27D2699E00C229DA /* DispatchQueue.swift in Sources */ = {isa = PBXBuildFile; fileRef = 26FCE76327D2699E00C229DA /* DispatchQueue.swift */; };
		26FCE76C27D2699E00C229DA /* FileManager+Directory.swift in Sources */ = {isa = PBXBuildFile; fileRef = 26FCE76427D2699E00C229DA /* FileManager+Directory.swift */; };
		26FCE76D27D2699E00C229DA /* Bundle+VersionNumber.swift in Sources */ = {isa = PBXBuildFile; fileRef = 26FCE76527D2699E00C229DA /* Bundle+VersionNumber.swift */; };
		26FCE76E27D2699E00C229DA /* String.swift in Sources */ = {isa = PBXBuildFile; fileRef = 26FCE76627D2699E00C229DA /* String.swift */; };
		26FCE77127D26E8D00C229DA /* ConfigLoader.swift in Sources */ = {isa = PBXBuildFile; fileRef = 26FCE77027D26E8D00C229DA /* ConfigLoader.swift */; };
		26FCE78527D26F8800C229DA /* ConfigLoaderTests.swift in Sources */ = {isa = PBXBuildFile; fileRef = 26FCE77327D26F8800C229DA /* ConfigLoaderTests.swift */; };
		26FCE78627D26F8800C229DA /* WithTests.swift in Sources */ = {isa = PBXBuildFile; fileRef = 26FCE77627D26F8800C229DA /* WithTests.swift */; };
		26FCE78727D26F8800C229DA /* DispatchQueueTests.swift in Sources */ = {isa = PBXBuildFile; fileRef = 26FCE77827D26F8800C229DA /* DispatchQueueTests.swift */; };
		26FCE78827D26F8800C229DA /* Double+TimeTests.swift in Sources */ = {isa = PBXBuildFile; fileRef = 26FCE77A27D26F8800C229DA /* Double+TimeTests.swift */; };
		26FCE78927D26F8800C229DA /* FileManager+DirectoryTests.swift in Sources */ = {isa = PBXBuildFile; fileRef = 26FCE77C27D26F8800C229DA /* FileManager+DirectoryTests.swift */; };
		26FCE78A27D26F8800C229DA /* IntToTwoDigitsStringTests.swift in Sources */ = {isa = PBXBuildFile; fileRef = 26FCE77E27D26F8800C229DA /* IntToTwoDigitsStringTests.swift */; };
		26FCE78B27D26F8800C229DA /* IntSecondsToMinutesAndSecondsTests.swift in Sources */ = {isa = PBXBuildFile; fileRef = 26FCE77F27D26F8800C229DA /* IntSecondsToMinutesAndSecondsTests.swift */; };
		26FCE78C27D26F8800C229DA /* StringTruncateTests.swift in Sources */ = {isa = PBXBuildFile; fileRef = 26FCE78127D26F8800C229DA /* StringTruncateTests.swift */; };
		26FCE78D27D26F8800C229DA /* StringEmptyTests.swift in Sources */ = {isa = PBXBuildFile; fileRef = 26FCE78227D26F8800C229DA /* StringEmptyTests.swift */; };
		26FCE78E27D26F8800C229DA /* UIEdgeInsetsTests.swift in Sources */ = {isa = PBXBuildFile; fileRef = 26FCE78427D26F8800C229DA /* UIEdgeInsetsTests.swift */; };
		26FCE79227D271C200C229DA /* Config.plist in Resources */ = {isa = PBXBuildFile; fileRef = 26FCE79127D271C100C229DA /* Config.plist */; };
		26FCE79E27D276BF00C229DA /* ViewConditions.swift in Sources */ = {isa = PBXBuildFile; fileRef = 26FCE79627D276BF00C229DA /* ViewConditions.swift */; };
		26FCE79F27D276BF00C229DA /* ConfigurationView.swift in Sources */ = {isa = PBXBuildFile; fileRef = 26FCE79727D276BF00C229DA /* ConfigurationView.swift */; };
		26FCE7A027D276BF00C229DA /* ViewFrame.swift in Sources */ = {isa = PBXBuildFile; fileRef = 26FCE79827D276BF00C229DA /* ViewFrame.swift */; };
		26FCE7A127D276BF00C229DA /* ShareSheet.swift in Sources */ = {isa = PBXBuildFile; fileRef = 26FCE79927D276BF00C229DA /* ShareSheet.swift */; };
		26FCE7A227D276BF00C229DA /* ExampleViewFactory.swift in Sources */ = {isa = PBXBuildFile; fileRef = 26FCE79A27D276BF00C229DA /* ExampleViewFactory.swift */; };
		26FCE7A327D276BF00C229DA /* HomeView.swift in Sources */ = {isa = PBXBuildFile; fileRef = 26FCE79B27D276BF00C229DA /* HomeView.swift */; };
		26FCE7A727D2783000C229DA /* Config.plist in Resources */ = {isa = PBXBuildFile; fileRef = 26FCE7A627D2783000C229DA /* Config.plist */; };
		41980954330F1CBB38EA8773 /* Pods_INCommons.framework in Frameworks */ = {isa = PBXBuildFile; fileRef = 81449F7F71630EA9DE31C59A /* Pods_INCommons.framework */; };
		9A886A5C404411A5FADCA8C6 /* Pods_INCommonsExample.framework in Frameworks */ = {isa = PBXBuildFile; fileRef = FB55D7ABEC1132CCF782889E /* Pods_INCommonsExample.framework */; };
/* End PBXBuildFile section */

/* Begin PBXContainerItemProxy section */
		26FCE6F227D1FAD700C229DA /* PBXContainerItemProxy */ = {
			isa = PBXContainerItemProxy;
			containerPortal = 26FCE6C727D1F9C600C229DA /* Project object */;
			proxyType = 1;
			remoteGlobalIDString = 26FCE6E627D1FAD600C229DA;
			remoteInfo = INCommons;
		};
		26FCE6F427D1FAD700C229DA /* PBXContainerItemProxy */ = {
			isa = PBXContainerItemProxy;
			containerPortal = 26FCE6C727D1F9C600C229DA /* Project object */;
			proxyType = 1;
			remoteGlobalIDString = 26FCE6CE27D1F9C600C229DA;
			remoteInfo = INCommonsExample;
		};
		26FCE6FA27D1FAD700C229DA /* PBXContainerItemProxy */ = {
			isa = PBXContainerItemProxy;
			containerPortal = 26FCE6C727D1F9C600C229DA /* Project object */;
			proxyType = 1;
			remoteGlobalIDString = 26FCE6E627D1FAD600C229DA;
			remoteInfo = INCommons;
		};
/* End PBXContainerItemProxy section */

/* Begin PBXCopyFilesBuildPhase section */
		26FCE70127D1FAD700C229DA /* Embed Frameworks */ = {
			isa = PBXCopyFilesBuildPhase;
			buildActionMask = 2147483647;
			dstPath = "";
			dstSubfolderSpec = 10;
			files = (
				26FCE6FD27D1FAD700C229DA /* INCommons.framework in Embed Frameworks */,
			);
			name = "Embed Frameworks";
			runOnlyForDeploymentPostprocessing = 0;
		};
/* End PBXCopyFilesBuildPhase section */

/* Begin PBXFileReference section */
		1D3CF85261265366D7A83882 /* Pods-INCommons.debug.xcconfig */ = {isa = PBXFileReference; includeInIndex = 1; lastKnownFileType = text.xcconfig; name = "Pods-INCommons.debug.xcconfig"; path = "Target Support Files/Pods-INCommons/Pods-INCommons.debug.xcconfig"; sourceTree = "<group>"; };
		268B60CC27DCD6EE002D6C84 /* UIDeviceProvider.swift */ = {isa = PBXFileReference; lastKnownFileType = sourcecode.swift; path = UIDeviceProvider.swift; sourceTree = "<group>"; };
		268B60D027DCD82D002D6C84 /* UIDeviceProviderMockTests.swift */ = {isa = PBXFileReference; lastKnownFileType = sourcecode.swift; path = UIDeviceProviderMockTests.swift; sourceTree = "<group>"; };
		268B60D227DCDC36002D6C84 /* DeviceProvider.swift */ = {isa = PBXFileReference; lastKnownFileType = sourcecode.swift; path = DeviceProvider.swift; sourceTree = "<group>"; };
		268B60D527DCF981002D6C84 /* Optional+Stringified.swift */ = {isa = PBXFileReference; lastKnownFileType = sourcecode.swift; path = "Optional+Stringified.swift"; sourceTree = "<group>"; };
		268B60D827DCF9EB002D6C84 /* OptionalStringifiedTests.swift */ = {isa = PBXFileReference; lastKnownFileType = sourcecode.swift; path = OptionalStringifiedTests.swift; sourceTree = "<group>"; };
		26FCE6CF27D1F9C600C229DA /* INCommonsExample.app */ = {isa = PBXFileReference; explicitFileType = wrapper.application; includeInIndex = 0; path = INCommonsExample.app; sourceTree = BUILT_PRODUCTS_DIR; };
		26FCE6D227D1F9C600C229DA /* INCommonsExampleApp.swift */ = {isa = PBXFileReference; lastKnownFileType = sourcecode.swift; path = INCommonsExampleApp.swift; sourceTree = "<group>"; };
		26FCE6D627D1F9C700C229DA /* Assets.xcassets */ = {isa = PBXFileReference; lastKnownFileType = folder.assetcatalog; path = Assets.xcassets; sourceTree = "<group>"; };
		26FCE6D927D1F9C700C229DA /* Preview Assets.xcassets */ = {isa = PBXFileReference; lastKnownFileType = folder.assetcatalog; path = "Preview Assets.xcassets"; sourceTree = "<group>"; };
		26FCE6E727D1FAD600C229DA /* INCommons.framework */ = {isa = PBXFileReference; explicitFileType = wrapper.framework; includeInIndex = 0; path = INCommons.framework; sourceTree = BUILT_PRODUCTS_DIR; };
		26FCE6E927D1FAD600C229DA /* INCommons.h */ = {isa = PBXFileReference; lastKnownFileType = sourcecode.c.h; path = INCommons.h; sourceTree = "<group>"; };
		26FCE6EA27D1FAD600C229DA /* INCommons.docc */ = {isa = PBXFileReference; lastKnownFileType = folder.documentationcatalog; path = INCommons.docc; sourceTree = "<group>"; };
		26FCE6F027D1FAD700C229DA /* INCommonsTests.xctest */ = {isa = PBXFileReference; explicitFileType = wrapper.cfbundle; includeInIndex = 0; path = INCommonsTests.xctest; sourceTree = BUILT_PRODUCTS_DIR; };
		26FCE70B27D2137300C229DA /* README.md */ = {isa = PBXFileReference; lastKnownFileType = net.daringfireball.markdown; path = README.md; sourceTree = "<group>"; };
		26FCE74D27D2698B00C229DA /* UIColor.swift */ = {isa = PBXFileReference; fileEncoding = 4; lastKnownFileType = sourcecode.swift; path = UIColor.swift; sourceTree = "<group>"; };
		26FCE74E27D2698B00C229DA /* UIImage+UIView.swift */ = {isa = PBXFileReference; fileEncoding = 4; lastKnownFileType = sourcecode.swift; path = "UIImage+UIView.swift"; sourceTree = "<group>"; };
		26FCE74F27D2698B00C229DA /* UIDevice.swift */ = {isa = PBXFileReference; fileEncoding = 4; lastKnownFileType = sourcecode.swift; path = UIDevice.swift; sourceTree = "<group>"; };
		26FCE75027D2698B00C229DA /* UIEdgeInsets.swift */ = {isa = PBXFileReference; fileEncoding = 4; lastKnownFileType = sourcecode.swift; path = UIEdgeInsets.swift; sourceTree = "<group>"; };
		26FCE75227D2698B00C229DA /* View+Conditions.swift */ = {isa = PBXFileReference; fileEncoding = 4; lastKnownFileType = sourcecode.swift; path = "View+Conditions.swift"; sourceTree = "<group>"; };
		26FCE75327D2698B00C229DA /* View+Frame.swift */ = {isa = PBXFileReference; fileEncoding = 4; lastKnownFileType = sourcecode.swift; path = "View+Frame.swift"; sourceTree = "<group>"; };
		26FCE75627D2698B00C229DA /* ShareSheet.swift */ = {isa = PBXFileReference; fileEncoding = 4; lastKnownFileType = sourcecode.swift; path = ShareSheet.swift; sourceTree = "<group>"; };
		26FCE75F27D2699E00C229DA /* Int+Time.swift */ = {isa = PBXFileReference; fileEncoding = 4; lastKnownFileType = sourcecode.swift; path = "Int+Time.swift"; sourceTree = "<group>"; };
		26FCE76127D2699E00C229DA /* With.swift */ = {isa = PBXFileReference; fileEncoding = 4; lastKnownFileType = sourcecode.swift; path = With.swift; sourceTree = "<group>"; };
		26FCE76227D2699E00C229DA /* Double+Time.swift */ = {isa = PBXFileReference; fileEncoding = 4; lastKnownFileType = sourcecode.swift; path = "Double+Time.swift"; sourceTree = "<group>"; };
		26FCE76327D2699E00C229DA /* DispatchQueue.swift */ = {isa = PBXFileReference; fileEncoding = 4; lastKnownFileType = sourcecode.swift; path = DispatchQueue.swift; sourceTree = "<group>"; };
		26FCE76427D2699E00C229DA /* FileManager+Directory.swift */ = {isa = PBXFileReference; fileEncoding = 4; lastKnownFileType = sourcecode.swift; path = "FileManager+Directory.swift"; sourceTree = "<group>"; };
		26FCE76527D2699E00C229DA /* Bundle+VersionNumber.swift */ = {isa = PBXFileReference; fileEncoding = 4; lastKnownFileType = sourcecode.swift; path = "Bundle+VersionNumber.swift"; sourceTree = "<group>"; };
		26FCE76627D2699E00C229DA /* String.swift */ = {isa = PBXFileReference; fileEncoding = 4; lastKnownFileType = sourcecode.swift; path = String.swift; sourceTree = "<group>"; };
		26FCE77027D26E8D00C229DA /* ConfigLoader.swift */ = {isa = PBXFileReference; fileEncoding = 4; lastKnownFileType = sourcecode.swift; path = ConfigLoader.swift; sourceTree = "<group>"; };
		26FCE77327D26F8800C229DA /* ConfigLoaderTests.swift */ = {isa = PBXFileReference; fileEncoding = 4; lastKnownFileType = sourcecode.swift; path = ConfigLoaderTests.swift; sourceTree = "<group>"; };
		26FCE77627D26F8800C229DA /* WithTests.swift */ = {isa = PBXFileReference; fileEncoding = 4; lastKnownFileType = sourcecode.swift; path = WithTests.swift; sourceTree = "<group>"; };
		26FCE77827D26F8800C229DA /* DispatchQueueTests.swift */ = {isa = PBXFileReference; fileEncoding = 4; lastKnownFileType = sourcecode.swift; path = DispatchQueueTests.swift; sourceTree = "<group>"; };
		26FCE77A27D26F8800C229DA /* Double+TimeTests.swift */ = {isa = PBXFileReference; fileEncoding = 4; lastKnownFileType = sourcecode.swift; path = "Double+TimeTests.swift"; sourceTree = "<group>"; };
		26FCE77C27D26F8800C229DA /* FileManager+DirectoryTests.swift */ = {isa = PBXFileReference; fileEncoding = 4; lastKnownFileType = sourcecode.swift; path = "FileManager+DirectoryTests.swift"; sourceTree = "<group>"; };
		26FCE77E27D26F8800C229DA /* IntToTwoDigitsStringTests.swift */ = {isa = PBXFileReference; fileEncoding = 4; lastKnownFileType = sourcecode.swift; path = IntToTwoDigitsStringTests.swift; sourceTree = "<group>"; };
		26FCE77F27D26F8800C229DA /* IntSecondsToMinutesAndSecondsTests.swift */ = {isa = PBXFileReference; fileEncoding = 4; lastKnownFileType = sourcecode.swift; path = IntSecondsToMinutesAndSecondsTests.swift; sourceTree = "<group>"; };
		26FCE78127D26F8800C229DA /* StringTruncateTests.swift */ = {isa = PBXFileReference; fileEncoding = 4; lastKnownFileType = sourcecode.swift; path = StringTruncateTests.swift; sourceTree = "<group>"; };
		26FCE78227D26F8800C229DA /* StringEmptyTests.swift */ = {isa = PBXFileReference; fileEncoding = 4; lastKnownFileType = sourcecode.swift; path = StringEmptyTests.swift; sourceTree = "<group>"; };
		26FCE78427D26F8800C229DA /* UIEdgeInsetsTests.swift */ = {isa = PBXFileReference; fileEncoding = 4; lastKnownFileType = sourcecode.swift; path = UIEdgeInsetsTests.swift; sourceTree = "<group>"; };
		26FCE79127D271C100C229DA /* Config.plist */ = {isa = PBXFileReference; fileEncoding = 4; lastKnownFileType = text.plist.xml; path = Config.plist; sourceTree = "<group>"; };
		26FCE79627D276BF00C229DA /* ViewConditions.swift */ = {isa = PBXFileReference; fileEncoding = 4; lastKnownFileType = sourcecode.swift; path = ViewConditions.swift; sourceTree = "<group>"; };
		26FCE79727D276BF00C229DA /* ConfigurationView.swift */ = {isa = PBXFileReference; fileEncoding = 4; lastKnownFileType = sourcecode.swift; path = ConfigurationView.swift; sourceTree = "<group>"; };
		26FCE79827D276BF00C229DA /* ViewFrame.swift */ = {isa = PBXFileReference; fileEncoding = 4; lastKnownFileType = sourcecode.swift; path = ViewFrame.swift; sourceTree = "<group>"; };
		26FCE79927D276BF00C229DA /* ShareSheet.swift */ = {isa = PBXFileReference; fileEncoding = 4; lastKnownFileType = sourcecode.swift; path = ShareSheet.swift; sourceTree = "<group>"; };
		26FCE79A27D276BF00C229DA /* ExampleViewFactory.swift */ = {isa = PBXFileReference; fileEncoding = 4; lastKnownFileType = sourcecode.swift; path = ExampleViewFactory.swift; sourceTree = "<group>"; };
		26FCE79B27D276BF00C229DA /* HomeView.swift */ = {isa = PBXFileReference; fileEncoding = 4; lastKnownFileType = sourcecode.swift; path = HomeView.swift; sourceTree = "<group>"; };
		26FCE7A627D2783000C229DA /* Config.plist */ = {isa = PBXFileReference; fileEncoding = 4; lastKnownFileType = text.plist.xml; path = Config.plist; sourceTree = "<group>"; };
		67BF383CCDD0E96374B9F2A1 /* Pods-INCommonsExample.debug.xcconfig */ = {isa = PBXFileReference; includeInIndex = 1; lastKnownFileType = text.xcconfig; name = "Pods-INCommonsExample.debug.xcconfig"; path = "Target Support Files/Pods-INCommonsExample/Pods-INCommonsExample.debug.xcconfig"; sourceTree = "<group>"; };
		81449F7F71630EA9DE31C59A /* Pods_INCommons.framework */ = {isa = PBXFileReference; explicitFileType = wrapper.framework; includeInIndex = 0; path = Pods_INCommons.framework; sourceTree = BUILT_PRODUCTS_DIR; };
		D2E8259FAF6787CBFA87BD66 /* Pods-INCommons.release.xcconfig */ = {isa = PBXFileReference; includeInIndex = 1; lastKnownFileType = text.xcconfig; name = "Pods-INCommons.release.xcconfig"; path = "Target Support Files/Pods-INCommons/Pods-INCommons.release.xcconfig"; sourceTree = "<group>"; };
		D8B4F37595AC576D2D0591E2 /* Pods-INCommonsExample.release.xcconfig */ = {isa = PBXFileReference; includeInIndex = 1; lastKnownFileType = text.xcconfig; name = "Pods-INCommonsExample.release.xcconfig"; path = "Target Support Files/Pods-INCommonsExample/Pods-INCommonsExample.release.xcconfig"; sourceTree = "<group>"; };
		FB55D7ABEC1132CCF782889E /* Pods_INCommonsExample.framework */ = {isa = PBXFileReference; explicitFileType = wrapper.framework; includeInIndex = 0; path = Pods_INCommonsExample.framework; sourceTree = BUILT_PRODUCTS_DIR; };
/* End PBXFileReference section */

/* Begin PBXFrameworksBuildPhase section */
		26FCE6CC27D1F9C600C229DA /* Frameworks */ = {
			isa = PBXFrameworksBuildPhase;
			buildActionMask = 2147483647;
			files = (
				26FCE6FC27D1FAD700C229DA /* INCommons.framework in Frameworks */,
				9A886A5C404411A5FADCA8C6 /* Pods_INCommonsExample.framework in Frameworks */,
			);
			runOnlyForDeploymentPostprocessing = 0;
		};
		26FCE6E427D1FAD600C229DA /* Frameworks */ = {
			isa = PBXFrameworksBuildPhase;
			buildActionMask = 2147483647;
			files = (
				41980954330F1CBB38EA8773 /* Pods_INCommons.framework in Frameworks */,
			);
			runOnlyForDeploymentPostprocessing = 0;
		};
		26FCE6ED27D1FAD700C229DA /* Frameworks */ = {
			isa = PBXFrameworksBuildPhase;
			buildActionMask = 2147483647;
			files = (
				26FCE6F127D1FAD700C229DA /* INCommons.framework in Frameworks */,
			);
			runOnlyForDeploymentPostprocessing = 0;
		};
/* End PBXFrameworksBuildPhase section */

/* Begin PBXGroup section */
		268B60CE27DCD7FF002D6C84 /* UIKit */ = {
			isa = PBXGroup;
			children = (
				268B60CF27DCD80E002D6C84 /* UIDeviceProvider */,
				26FCE78327D26F8800C229DA /* UIEdgeInsets */,
			);
			path = UIKit;
			sourceTree = "<group>";
		};
		268B60CF27DCD80E002D6C84 /* UIDeviceProvider */ = {
			isa = PBXGroup;
			children = (
				268B60D027DCD82D002D6C84 /* UIDeviceProviderMockTests.swift */,
			);
			path = UIDeviceProvider;
			sourceTree = "<group>";
		};
		268B60D727DCF9CF002D6C84 /* Optional */ = {
			isa = PBXGroup;
			children = (
				268B60D827DCF9EB002D6C84 /* OptionalStringifiedTests.swift */,
			);
			path = Optional;
			sourceTree = "<group>";
		};
		26FCE6C627D1F9C600C229DA = {
			isa = PBXGroup;
			children = (
				26FCE70B27D2137300C229DA /* README.md */,
				26FCE6E027D1FA1D00C229DA /* Sources */,
				26FCE6E127D1FA1D00C229DA /* Tests */,
				26FCE6D027D1F9C600C229DA /* Products */,
				A1A334526A815466A067FA00 /* Pods */,
				2959848DA52289D979AB1FD6 /* Frameworks */,
			);
			sourceTree = "<group>";
		};
		26FCE6D027D1F9C600C229DA /* Products */ = {
			isa = PBXGroup;
			children = (
				26FCE6CF27D1F9C600C229DA /* INCommonsExample.app */,
				26FCE6E727D1FAD600C229DA /* INCommons.framework */,
				26FCE6F027D1FAD700C229DA /* INCommonsTests.xctest */,
			);
			name = Products;
			sourceTree = "<group>";
		};
		26FCE6D127D1F9C600C229DA /* INCommonsExample */ = {
			isa = PBXGroup;
			children = (
				26FCE7A427D2783000C229DA /* Resources */,
				26FCE79327D276BF00C229DA /* Screens */,
				26FCE79A27D276BF00C229DA /* ExampleViewFactory.swift */,
				26FCE79B27D276BF00C229DA /* HomeView.swift */,
				26FCE6D227D1F9C600C229DA /* INCommonsExampleApp.swift */,
				26FCE6D627D1F9C700C229DA /* Assets.xcassets */,
				26FCE6D827D1F9C700C229DA /* Preview Content */,
			);
			path = INCommonsExample;
			sourceTree = "<group>";
		};
		26FCE6D827D1F9C700C229DA /* Preview Content */ = {
			isa = PBXGroup;
			children = (
				26FCE6D927D1F9C700C229DA /* Preview Assets.xcassets */,
			);
			path = "Preview Content";
			sourceTree = "<group>";
		};
		26FCE6E027D1FA1D00C229DA /* Sources */ = {
			isa = PBXGroup;
			children = (
				26FCE6E827D1FAD600C229DA /* INCommons */,
				26FCE6D127D1F9C600C229DA /* INCommonsExample */,
			);
			path = Sources;
			sourceTree = "<group>";
		};
		26FCE6E127D1FA1D00C229DA /* Tests */ = {
			isa = PBXGroup;
			children = (
				26FCE6F627D1FAD700C229DA /* INCommonsTests */,
			);
			path = Tests;
			sourceTree = "<group>";
		};
		26FCE6E827D1FAD600C229DA /* INCommons */ = {
			isa = PBXGroup;
			children = (
				26FCE74B27D2695300C229DA /* Swift */,
				26FCE75127D2698B00C229DA /* SwiftUI */,
				26FCE74C27D2698B00C229DA /* UIKit */,
				26FCE75427D2698B00C229DA /* UIKit2SwiftUI */,
				26FCE6E927D1FAD600C229DA /* INCommons.h */,
				26FCE6EA27D1FAD600C229DA /* INCommons.docc */,
			);
			path = INCommons;
			sourceTree = "<group>";
		};
		26FCE6F627D1FAD700C229DA /* INCommonsTests */ = {
			isa = PBXGroup;
			children = (
				26FCE78F27D271C100C229DA /* Resources */,
				26FCE77427D26F8800C229DA /* Swift */,
				268B60CE27DCD7FF002D6C84 /* UIKit */,
			);
			path = INCommonsTests;
			sourceTree = "<group>";
		};
		26FCE74B27D2695300C229DA /* Swift */ = {
			isa = PBXGroup;
			children = (
				26FCE76F27D26E8D00C229DA /* Configuration */,
				26FCE76527D2699E00C229DA /* Bundle+VersionNumber.swift */,
				26FCE76327D2699E00C229DA /* DispatchQueue.swift */,
				26FCE76227D2699E00C229DA /* Double+Time.swift */,
				26FCE76427D2699E00C229DA /* FileManager+Directory.swift */,
				26FCE75F27D2699E00C229DA /* Int+Time.swift */,
				268B60D527DCF981002D6C84 /* Optional+Stringified.swift */,
				26FCE76627D2699E00C229DA /* String.swift */,
				26FCE76127D2699E00C229DA /* With.swift */,
			);
			path = Swift;
			sourceTree = "<group>";
		};
		26FCE74C27D2698B00C229DA /* UIKit */ = {
			isa = PBXGroup;
			children = (
				26FCE74D27D2698B00C229DA /* UIColor.swift */,
				26FCE74E27D2698B00C229DA /* UIImage+UIView.swift */,
				26FCE74F27D2698B00C229DA /* UIDevice.swift */,
				268B60CC27DCD6EE002D6C84 /* UIDeviceProvider.swift */,
				26FCE75027D2698B00C229DA /* UIEdgeInsets.swift */,
			);
			path = UIKit;
			sourceTree = "<group>";
		};
		26FCE75127D2698B00C229DA /* SwiftUI */ = {
			isa = PBXGroup;
			children = (
				26FCE75227D2698B00C229DA /* View+Conditions.swift */,
				26FCE75327D2698B00C229DA /* View+Frame.swift */,
			);
			path = SwiftUI;
			sourceTree = "<group>";
		};
		26FCE75427D2698B00C229DA /* UIKit2SwiftUI */ = {
			isa = PBXGroup;
			children = (
				26FCE75627D2698B00C229DA /* ShareSheet.swift */,
			);
			path = UIKit2SwiftUI;
			sourceTree = "<group>";
		};
		26FCE76F27D26E8D00C229DA /* Configuration */ = {
			isa = PBXGroup;
			children = (
				26FCE77027D26E8D00C229DA /* ConfigLoader.swift */,
			);
			path = Configuration;
			sourceTree = "<group>";
		};
		26FCE77227D26F8800C229DA /* ConfigLoader */ = {
			isa = PBXGroup;
			children = (
				26FCE77327D26F8800C229DA /* ConfigLoaderTests.swift */,
			);
			path = ConfigLoader;
			sourceTree = "<group>";
		};
		26FCE77427D26F8800C229DA /* Swift */ = {
			isa = PBXGroup;
			children = (
				26FCE77227D26F8800C229DA /* ConfigLoader */,
				26FCE77727D26F8800C229DA /* DispatchQueue */,
				26FCE77927D26F8800C229DA /* Double+Time */,
				26FCE77B27D26F8800C229DA /* FileManager+Directory */,
				26FCE77D27D26F8800C229DA /* Int+Time */,
				268B60D727DCF9CF002D6C84 /* Optional */,
				26FCE78027D26F8800C229DA /* String */,
				26FCE77527D26F8800C229DA /* With */,
			);
			path = Swift;
			sourceTree = "<group>";
		};
		26FCE77527D26F8800C229DA /* With */ = {
			isa = PBXGroup;
			children = (
				26FCE77627D26F8800C229DA /* WithTests.swift */,
			);
			path = With;
			sourceTree = "<group>";
		};
		26FCE77727D26F8800C229DA /* DispatchQueue */ = {
			isa = PBXGroup;
			children = (
				26FCE77827D26F8800C229DA /* DispatchQueueTests.swift */,
			);
			path = DispatchQueue;
			sourceTree = "<group>";
		};
		26FCE77927D26F8800C229DA /* Double+Time */ = {
			isa = PBXGroup;
			children = (
				26FCE77A27D26F8800C229DA /* Double+TimeTests.swift */,
			);
			path = "Double+Time";
			sourceTree = "<group>";
		};
		26FCE77B27D26F8800C229DA /* FileManager+Directory */ = {
			isa = PBXGroup;
			children = (
				26FCE77C27D26F8800C229DA /* FileManager+DirectoryTests.swift */,
			);
			path = "FileManager+Directory";
			sourceTree = "<group>";
		};
		26FCE77D27D26F8800C229DA /* Int+Time */ = {
			isa = PBXGroup;
			children = (
				26FCE77E27D26F8800C229DA /* IntToTwoDigitsStringTests.swift */,
				26FCE77F27D26F8800C229DA /* IntSecondsToMinutesAndSecondsTests.swift */,
			);
			path = "Int+Time";
			sourceTree = "<group>";
		};
		26FCE78027D26F8800C229DA /* String */ = {
			isa = PBXGroup;
			children = (
				26FCE78127D26F8800C229DA /* StringTruncateTests.swift */,
				26FCE78227D26F8800C229DA /* StringEmptyTests.swift */,
			);
			path = String;
			sourceTree = "<group>";
		};
		26FCE78327D26F8800C229DA /* UIEdgeInsets */ = {
			isa = PBXGroup;
			children = (
				26FCE78427D26F8800C229DA /* UIEdgeInsetsTests.swift */,
			);
			path = UIEdgeInsets;
			sourceTree = "<group>";
		};
		26FCE78F27D271C100C229DA /* Resources */ = {
			isa = PBXGroup;
			children = (
				26FCE79027D271C100C229DA /* Config */,
			);
			path = Resources;
			sourceTree = "<group>";
		};
		26FCE79027D271C100C229DA /* Config */ = {
			isa = PBXGroup;
			children = (
				26FCE79127D271C100C229DA /* Config.plist */,
			);
			path = Config;
			sourceTree = "<group>";
		};
		26FCE79327D276BF00C229DA /* Screens */ = {
			isa = PBXGroup;
			children = (
				26FCE79727D276BF00C229DA /* ConfigurationView.swift */,
				26FCE79927D276BF00C229DA /* ShareSheet.swift */,
				268B60D227DCDC36002D6C84 /* DeviceProvider.swift */,
				26FCE79627D276BF00C229DA /* ViewConditions.swift */,
				26FCE79827D276BF00C229DA /* ViewFrame.swift */,
			);
			path = Screens;
			sourceTree = "<group>";
		};
		26FCE7A427D2783000C229DA /* Resources */ = {
			isa = PBXGroup;
			children = (
				26FCE7A527D2783000C229DA /* Config */,
			);
			path = Resources;
			sourceTree = "<group>";
		};
		26FCE7A527D2783000C229DA /* Config */ = {
			isa = PBXGroup;
			children = (
				26FCE7A627D2783000C229DA /* Config.plist */,
			);
			path = Config;
			sourceTree = "<group>";
		};
		2959848DA52289D979AB1FD6 /* Frameworks */ = {
			isa = PBXGroup;
			children = (
				81449F7F71630EA9DE31C59A /* Pods_INCommons.framework */,
				FB55D7ABEC1132CCF782889E /* Pods_INCommonsExample.framework */,
			);
			name = Frameworks;
			sourceTree = "<group>";
		};
		A1A334526A815466A067FA00 /* Pods */ = {
			isa = PBXGroup;
			children = (
				1D3CF85261265366D7A83882 /* Pods-INCommons.debug.xcconfig */,
				D2E8259FAF6787CBFA87BD66 /* Pods-INCommons.release.xcconfig */,
				67BF383CCDD0E96374B9F2A1 /* Pods-INCommonsExample.debug.xcconfig */,
				D8B4F37595AC576D2D0591E2 /* Pods-INCommonsExample.release.xcconfig */,
			);
			path = Pods;
			sourceTree = "<group>";
		};
/* End PBXGroup section */

/* Begin PBXHeadersBuildPhase section */
		26FCE6E227D1FAD600C229DA /* Headers */ = {
			isa = PBXHeadersBuildPhase;
			buildActionMask = 2147483647;
			files = (
				26FCE6F927D1FAD700C229DA /* INCommons.h in Headers */,
			);
			runOnlyForDeploymentPostprocessing = 0;
		};
/* End PBXHeadersBuildPhase section */

/* Begin PBXNativeTarget section */
		26FCE6CE27D1F9C600C229DA /* INCommonsExample */ = {
			isa = PBXNativeTarget;
			buildConfigurationList = 26FCE6DD27D1F9C700C229DA /* Build configuration list for PBXNativeTarget "INCommonsExample" */;
			buildPhases = (
				37BF3F21F4322B6E0EEEC86F /* [CP] Check Pods Manifest.lock */,
				26FCE6CB27D1F9C600C229DA /* Sources */,
				26FCE6CC27D1F9C600C229DA /* Frameworks */,
				26FCE6CD27D1F9C600C229DA /* Resources */,
				26FCE70127D1FAD700C229DA /* Embed Frameworks */,
			);
			buildRules = (
			);
			dependencies = (
				26FCE6FB27D1FAD700C229DA /* PBXTargetDependency */,
			);
			name = INCommonsExample;
			productName = INCommonsExample;
			productReference = 26FCE6CF27D1F9C600C229DA /* INCommonsExample.app */;
			productType = "com.apple.product-type.application";
		};
		26FCE6E627D1FAD600C229DA /* INCommons */ = {
			isa = PBXNativeTarget;
			buildConfigurationList = 26FCE6FE27D1FAD700C229DA /* Build configuration list for PBXNativeTarget "INCommons" */;
			buildPhases = (
				9D0DC6C45750C6510E64A69D /* [CP] Check Pods Manifest.lock */,
				26FCE70C27D214E900C229DA /* Install GitHooks */,
				26FCE70D27D2152400C229DA /* SwiftLint */,
				26FCE6E227D1FAD600C229DA /* Headers */,
				26FCE6E327D1FAD600C229DA /* Sources */,
				26FCE6E427D1FAD600C229DA /* Frameworks */,
				26FCE6E527D1FAD600C229DA /* Resources */,
			);
			buildRules = (
			);
			dependencies = (
			);
			name = INCommons;
			productName = INCommons;
			productReference = 26FCE6E727D1FAD600C229DA /* INCommons.framework */;
			productType = "com.apple.product-type.framework";
		};
		26FCE6EF27D1FAD700C229DA /* INCommonsTests */ = {
			isa = PBXNativeTarget;
			buildConfigurationList = 26FCE70227D1FAD700C229DA /* Build configuration list for PBXNativeTarget "INCommonsTests" */;
			buildPhases = (
				26FCE6EC27D1FAD700C229DA /* Sources */,
				26FCE6ED27D1FAD700C229DA /* Frameworks */,
				26FCE6EE27D1FAD700C229DA /* Resources */,
			);
			buildRules = (
			);
			dependencies = (
				26FCE6F327D1FAD700C229DA /* PBXTargetDependency */,
				26FCE6F527D1FAD700C229DA /* PBXTargetDependency */,
			);
			name = INCommonsTests;
			productName = INCommonsTests;
			productReference = 26FCE6F027D1FAD700C229DA /* INCommonsTests.xctest */;
			productType = "com.apple.product-type.bundle.unit-test";
		};
/* End PBXNativeTarget section */

/* Begin PBXProject section */
		26FCE6C727D1F9C600C229DA /* Project object */ = {
			isa = PBXProject;
			attributes = {
				BuildIndependentTargetsInParallel = 1;
				LastSwiftUpdateCheck = 1320;
				LastUpgradeCheck = 1320;
				TargetAttributes = {
					26FCE6CE27D1F9C600C229DA = {
						CreatedOnToolsVersion = 13.2.1;
					};
					26FCE6E627D1FAD600C229DA = {
						CreatedOnToolsVersion = 13.2.1;
					};
					26FCE6EF27D1FAD700C229DA = {
						CreatedOnToolsVersion = 13.2.1;
					};
					26FCE71027D215C800C229DA = {
						CreatedOnToolsVersion = 13.2.1;
					};
				};
			};
			buildConfigurationList = 26FCE6CA27D1F9C600C229DA /* Build configuration list for PBXProject "INCommons" */;
			compatibilityVersion = "Xcode 13.0";
			developmentRegion = en;
			hasScannedForEncodings = 0;
			knownRegions = (
				en,
				Base,
			);
			mainGroup = 26FCE6C627D1F9C600C229DA;
			productRefGroup = 26FCE6D027D1F9C600C229DA /* Products */;
			projectDirPath = "";
			projectRoot = "";
			targets = (
				26FCE6CE27D1F9C600C229DA /* INCommonsExample */,
				26FCE6E627D1FAD600C229DA /* INCommons */,
				26FCE6EF27D1FAD700C229DA /* INCommonsTests */,
				26FCE71027D215C800C229DA /* SwiftFormat */,
			);
		};
/* End PBXProject section */

/* Begin PBXResourcesBuildPhase section */
		26FCE6CD27D1F9C600C229DA /* Resources */ = {
			isa = PBXResourcesBuildPhase;
			buildActionMask = 2147483647;
			files = (
				26FCE6DA27D1F9C700C229DA /* Preview Assets.xcassets in Resources */,
				26FCE7A727D2783000C229DA /* Config.plist in Resources */,
				26FCE6D727D1F9C700C229DA /* Assets.xcassets in Resources */,
			);
			runOnlyForDeploymentPostprocessing = 0;
		};
		26FCE6E527D1FAD600C229DA /* Resources */ = {
			isa = PBXResourcesBuildPhase;
			buildActionMask = 2147483647;
			files = (
			);
			runOnlyForDeploymentPostprocessing = 0;
		};
		26FCE6EE27D1FAD700C229DA /* Resources */ = {
			isa = PBXResourcesBuildPhase;
			buildActionMask = 2147483647;
			files = (
				26FCE79227D271C200C229DA /* Config.plist in Resources */,
			);
			runOnlyForDeploymentPostprocessing = 0;
		};
/* End PBXResourcesBuildPhase section */

/* Begin PBXShellScriptBuildPhase section */
		26FCE70C27D214E900C229DA /* Install GitHooks */ = {
			isa = PBXShellScriptBuildPhase;
			alwaysOutOfDate = 1;
			buildActionMask = 2147483647;
			files = (
			);
			inputFileListPaths = (
			);
			inputPaths = (
			);
			name = "Install GitHooks";
			outputFileListPaths = (
			);
			outputPaths = (
			);
			runOnlyForDeploymentPostprocessing = 0;
			shellPath = /bin/sh;
			shellScript = "./Scripts/copyGitHooks.sh\n";
		};
		26FCE70D27D2152400C229DA /* SwiftLint */ = {
			isa = PBXShellScriptBuildPhase;
			alwaysOutOfDate = 1;
			buildActionMask = 2147483647;
			files = (
			);
			inputFileListPaths = (
			);
			inputPaths = (
			);
			name = SwiftLint;
			outputFileListPaths = (
			);
			outputPaths = (
			);
			runOnlyForDeploymentPostprocessing = 0;
			shellPath = /bin/sh;
			shellScript = "\"${PODS_ROOT}/SwiftLint/swiftlint\" lint --path \"Sources/INCommons\" --config \".swiftlint.yml\"\n";
		};
		26FCE71427D215DD00C229DA /* Extract Swift Version Number */ = {
			isa = PBXShellScriptBuildPhase;
			alwaysOutOfDate = 1;
			buildActionMask = 2147483647;
			files = (
			);
			inputFileListPaths = (
			);
			inputPaths = (
			);
			name = "Extract Swift Version Number";
			outputFileListPaths = (
			);
			outputPaths = (
			);
			runOnlyForDeploymentPostprocessing = 0;
			shellPath = /bin/sh;
			shellScript = ". Scripts/extractSwiftVersion.sh\n";
		};
		26FCE71527D215F400C229DA /* SwiftFormat */ = {
			isa = PBXShellScriptBuildPhase;
			alwaysOutOfDate = 1;
			buildActionMask = 2147483647;
			files = (
			);
			inputFileListPaths = (
			);
			inputPaths = (
			);
			name = SwiftFormat;
			outputFileListPaths = (
			);
			outputPaths = (
			);
			runOnlyForDeploymentPostprocessing = 0;
			shellPath = /bin/sh;
			shellScript = ". Scripts/swiftFormatCodePaths.sh\n\"Pods/SwiftFormat/CommandLineTool/swiftformat\" ${swiftFormatCodePaths[*]} --exclude **/Generated\n";
		};
		37BF3F21F4322B6E0EEEC86F /* [CP] Check Pods Manifest.lock */ = {
			isa = PBXShellScriptBuildPhase;
			buildActionMask = 2147483647;
			files = (
			);
			inputFileListPaths = (
			);
			inputPaths = (
				"${PODS_PODFILE_DIR_PATH}/Podfile.lock",
				"${PODS_ROOT}/Manifest.lock",
			);
			name = "[CP] Check Pods Manifest.lock";
			outputFileListPaths = (
			);
			outputPaths = (
				"$(DERIVED_FILE_DIR)/Pods-INCommonsExample-checkManifestLockResult.txt",
			);
			runOnlyForDeploymentPostprocessing = 0;
			shellPath = /bin/sh;
			shellScript = "diff \"${PODS_PODFILE_DIR_PATH}/Podfile.lock\" \"${PODS_ROOT}/Manifest.lock\" > /dev/null\nif [ $? != 0 ] ; then\n    # print error to STDERR\n    echo \"error: The sandbox is not in sync with the Podfile.lock. Run 'pod install' or update your CocoaPods installation.\" >&2\n    exit 1\nfi\n# This output is used by Xcode 'outputs' to avoid re-running this script phase.\necho \"SUCCESS\" > \"${SCRIPT_OUTPUT_FILE_0}\"\n";
			showEnvVarsInLog = 0;
		};
		9D0DC6C45750C6510E64A69D /* [CP] Check Pods Manifest.lock */ = {
			isa = PBXShellScriptBuildPhase;
			buildActionMask = 2147483647;
			files = (
			);
			inputFileListPaths = (
			);
			inputPaths = (
				"${PODS_PODFILE_DIR_PATH}/Podfile.lock",
				"${PODS_ROOT}/Manifest.lock",
			);
			name = "[CP] Check Pods Manifest.lock";
			outputFileListPaths = (
			);
			outputPaths = (
				"$(DERIVED_FILE_DIR)/Pods-INCommons-checkManifestLockResult.txt",
			);
			runOnlyForDeploymentPostprocessing = 0;
			shellPath = /bin/sh;
			shellScript = "diff \"${PODS_PODFILE_DIR_PATH}/Podfile.lock\" \"${PODS_ROOT}/Manifest.lock\" > /dev/null\nif [ $? != 0 ] ; then\n    # print error to STDERR\n    echo \"error: The sandbox is not in sync with the Podfile.lock. Run 'pod install' or update your CocoaPods installation.\" >&2\n    exit 1\nfi\n# This output is used by Xcode 'outputs' to avoid re-running this script phase.\necho \"SUCCESS\" > \"${SCRIPT_OUTPUT_FILE_0}\"\n";
			showEnvVarsInLog = 0;
		};
/* End PBXShellScriptBuildPhase section */

/* Begin PBXSourcesBuildPhase section */
		26FCE6CB27D1F9C600C229DA /* Sources */ = {
			isa = PBXSourcesBuildPhase;
			buildActionMask = 2147483647;
			files = (
				26FCE79F27D276BF00C229DA /* ConfigurationView.swift in Sources */,
				26FCE7A227D276BF00C229DA /* ExampleViewFactory.swift in Sources */,
				268B60D427DCDD7F002D6C84 /* DeviceProvider.swift in Sources */,
				26FCE7A327D276BF00C229DA /* HomeView.swift in Sources */,
				26FCE79E27D276BF00C229DA /* ViewConditions.swift in Sources */,
				26FCE7A027D276BF00C229DA /* ViewFrame.swift in Sources */,
				26FCE6D327D1F9C600C229DA /* INCommonsExampleApp.swift in Sources */,
				26FCE7A127D276BF00C229DA /* ShareSheet.swift in Sources */,
			);
			runOnlyForDeploymentPostprocessing = 0;
		};
		26FCE6E327D1FAD600C229DA /* Sources */ = {
			isa = PBXSourcesBuildPhase;
			buildActionMask = 2147483647;
			files = (
				26FCE75927D2698B00C229DA /* UIDevice.swift in Sources */,
				26FCE76927D2699E00C229DA /* With.swift in Sources */,
				268B60CD27DCD6EE002D6C84 /* UIDeviceProvider.swift in Sources */,
				26FCE76A27D2699E00C229DA /* Double+Time.swift in Sources */,
				26FCE77127D26E8D00C229DA /* ConfigLoader.swift in Sources */,
				26FCE75E27D2698B00C229DA /* ShareSheet.swift in Sources */,
				26FCE76B27D2699E00C229DA /* DispatchQueue.swift in Sources */,
				26FCE76727D2699E00C229DA /* Int+Time.swift in Sources */,
				26FCE75827D2698B00C229DA /* UIImage+UIView.swift in Sources */,
				26FCE76C27D2699E00C229DA /* FileManager+Directory.swift in Sources */,
				26FCE76D27D2699E00C229DA /* Bundle+VersionNumber.swift in Sources */,
				26FCE75A27D2698B00C229DA /* UIEdgeInsets.swift in Sources */,
				26FCE6EB27D1FAD600C229DA /* INCommons.docc in Sources */,
				26FCE75C27D2698B00C229DA /* View+Frame.swift in Sources */,
				26FCE76E27D2699E00C229DA /* String.swift in Sources */,
				268B60D627DCF981002D6C84 /* Optional+Stringified.swift in Sources */,
				26FCE75727D2698B00C229DA /* UIColor.swift in Sources */,
				26FCE75B27D2698B00C229DA /* View+Conditions.swift in Sources */,
			);
			runOnlyForDeploymentPostprocessing = 0;
		};
		26FCE6EC27D1FAD700C229DA /* Sources */ = {
			isa = PBXSourcesBuildPhase;
			buildActionMask = 2147483647;
			files = (
				26FCE78927D26F8800C229DA /* FileManager+DirectoryTests.swift in Sources */,
				26FCE78527D26F8800C229DA /* ConfigLoaderTests.swift in Sources */,
				26FCE78B27D26F8800C229DA /* IntSecondsToMinutesAndSecondsTests.swift in Sources */,
				26FCE78C27D26F8800C229DA /* StringTruncateTests.swift in Sources */,
				268B60D927DCF9EB002D6C84 /* OptionalStringifiedTests.swift in Sources */,
				26FCE78D27D26F8800C229DA /* StringEmptyTests.swift in Sources */,
				26FCE78627D26F8800C229DA /* WithTests.swift in Sources */,
				26FCE78727D26F8800C229DA /* DispatchQueueTests.swift in Sources */,
				268B60D127DCD82D002D6C84 /* UIDeviceProviderMockTests.swift in Sources */,
				26FCE78A27D26F8800C229DA /* IntToTwoDigitsStringTests.swift in Sources */,
				26FCE78827D26F8800C229DA /* Double+TimeTests.swift in Sources */,
				26FCE78E27D26F8800C229DA /* UIEdgeInsetsTests.swift in Sources */,
			);
			runOnlyForDeploymentPostprocessing = 0;
		};
/* End PBXSourcesBuildPhase section */

/* Begin PBXTargetDependency section */
		26FCE6F327D1FAD700C229DA /* PBXTargetDependency */ = {
			isa = PBXTargetDependency;
			target = 26FCE6E627D1FAD600C229DA /* INCommons */;
			targetProxy = 26FCE6F227D1FAD700C229DA /* PBXContainerItemProxy */;
		};
		26FCE6F527D1FAD700C229DA /* PBXTargetDependency */ = {
			isa = PBXTargetDependency;
			target = 26FCE6CE27D1F9C600C229DA /* INCommonsExample */;
			targetProxy = 26FCE6F427D1FAD700C229DA /* PBXContainerItemProxy */;
		};
		26FCE6FB27D1FAD700C229DA /* PBXTargetDependency */ = {
			isa = PBXTargetDependency;
			target = 26FCE6E627D1FAD600C229DA /* INCommons */;
			targetProxy = 26FCE6FA27D1FAD700C229DA /* PBXContainerItemProxy */;
		};
/* End PBXTargetDependency section */

/* Begin XCBuildConfiguration section */
		26FCE6DB27D1F9C700C229DA /* Debug */ = {
			isa = XCBuildConfiguration;
			buildSettings = {
				ALWAYS_SEARCH_USER_PATHS = NO;
				CLANG_ANALYZER_NONNULL = YES;
				CLANG_ANALYZER_NUMBER_OBJECT_CONVERSION = YES_AGGRESSIVE;
				CLANG_CXX_LANGUAGE_STANDARD = "gnu++17";
				CLANG_CXX_LIBRARY = "libc++";
				CLANG_ENABLE_MODULES = YES;
				CLANG_ENABLE_OBJC_ARC = YES;
				CLANG_ENABLE_OBJC_WEAK = YES;
				CLANG_WARN_BLOCK_CAPTURE_AUTORELEASING = YES;
				CLANG_WARN_BOOL_CONVERSION = YES;
				CLANG_WARN_COMMA = YES;
				CLANG_WARN_CONSTANT_CONVERSION = YES;
				CLANG_WARN_DEPRECATED_OBJC_IMPLEMENTATIONS = YES;
				CLANG_WARN_DIRECT_OBJC_ISA_USAGE = YES_ERROR;
				CLANG_WARN_DOCUMENTATION_COMMENTS = YES;
				CLANG_WARN_EMPTY_BODY = YES;
				CLANG_WARN_ENUM_CONVERSION = YES;
				CLANG_WARN_INFINITE_RECURSION = YES;
				CLANG_WARN_INT_CONVERSION = YES;
				CLANG_WARN_NON_LITERAL_NULL_CONVERSION = YES;
				CLANG_WARN_OBJC_IMPLICIT_RETAIN_SELF = YES;
				CLANG_WARN_OBJC_LITERAL_CONVERSION = YES;
				CLANG_WARN_OBJC_ROOT_CLASS = YES_ERROR;
				CLANG_WARN_QUOTED_INCLUDE_IN_FRAMEWORK_HEADER = YES;
				CLANG_WARN_RANGE_LOOP_ANALYSIS = YES;
				CLANG_WARN_STRICT_PROTOTYPES = YES;
				CLANG_WARN_SUSPICIOUS_MOVE = YES;
				CLANG_WARN_UNGUARDED_AVAILABILITY = YES_AGGRESSIVE;
				CLANG_WARN_UNREACHABLE_CODE = YES;
				CLANG_WARN__DUPLICATE_METHOD_MATCH = YES;
				COPY_PHASE_STRIP = NO;
				DEBUG_INFORMATION_FORMAT = dwarf;
				ENABLE_STRICT_OBJC_MSGSEND = YES;
				ENABLE_TESTABILITY = YES;
				GCC_C_LANGUAGE_STANDARD = gnu11;
				GCC_DYNAMIC_NO_PIC = NO;
				GCC_NO_COMMON_BLOCKS = YES;
				GCC_OPTIMIZATION_LEVEL = 0;
				GCC_PREPROCESSOR_DEFINITIONS = (
					"DEBUG=1",
					"$(inherited)",
				);
				GCC_WARN_64_TO_32_BIT_CONVERSION = YES;
				GCC_WARN_ABOUT_RETURN_TYPE = YES_ERROR;
				GCC_WARN_UNDECLARED_SELECTOR = YES;
				GCC_WARN_UNINITIALIZED_AUTOS = YES_AGGRESSIVE;
				GCC_WARN_UNUSED_FUNCTION = YES;
				GCC_WARN_UNUSED_VARIABLE = YES;
				IPHONEOS_DEPLOYMENT_TARGET = 15.2;
				MTL_ENABLE_DEBUG_INFO = INCLUDE_SOURCE;
				MTL_FAST_MATH = YES;
				ONLY_ACTIVE_ARCH = YES;
				SDKROOT = iphoneos;
				SWIFT_ACTIVE_COMPILATION_CONDITIONS = DEBUG;
				SWIFT_OPTIMIZATION_LEVEL = "-Onone";
			};
			name = Debug;
		};
		26FCE6DC27D1F9C700C229DA /* Release */ = {
			isa = XCBuildConfiguration;
			buildSettings = {
				ALWAYS_SEARCH_USER_PATHS = NO;
				CLANG_ANALYZER_NONNULL = YES;
				CLANG_ANALYZER_NUMBER_OBJECT_CONVERSION = YES_AGGRESSIVE;
				CLANG_CXX_LANGUAGE_STANDARD = "gnu++17";
				CLANG_CXX_LIBRARY = "libc++";
				CLANG_ENABLE_MODULES = YES;
				CLANG_ENABLE_OBJC_ARC = YES;
				CLANG_ENABLE_OBJC_WEAK = YES;
				CLANG_WARN_BLOCK_CAPTURE_AUTORELEASING = YES;
				CLANG_WARN_BOOL_CONVERSION = YES;
				CLANG_WARN_COMMA = YES;
				CLANG_WARN_CONSTANT_CONVERSION = YES;
				CLANG_WARN_DEPRECATED_OBJC_IMPLEMENTATIONS = YES;
				CLANG_WARN_DIRECT_OBJC_ISA_USAGE = YES_ERROR;
				CLANG_WARN_DOCUMENTATION_COMMENTS = YES;
				CLANG_WARN_EMPTY_BODY = YES;
				CLANG_WARN_ENUM_CONVERSION = YES;
				CLANG_WARN_INFINITE_RECURSION = YES;
				CLANG_WARN_INT_CONVERSION = YES;
				CLANG_WARN_NON_LITERAL_NULL_CONVERSION = YES;
				CLANG_WARN_OBJC_IMPLICIT_RETAIN_SELF = YES;
				CLANG_WARN_OBJC_LITERAL_CONVERSION = YES;
				CLANG_WARN_OBJC_ROOT_CLASS = YES_ERROR;
				CLANG_WARN_QUOTED_INCLUDE_IN_FRAMEWORK_HEADER = YES;
				CLANG_WARN_RANGE_LOOP_ANALYSIS = YES;
				CLANG_WARN_STRICT_PROTOTYPES = YES;
				CLANG_WARN_SUSPICIOUS_MOVE = YES;
				CLANG_WARN_UNGUARDED_AVAILABILITY = YES_AGGRESSIVE;
				CLANG_WARN_UNREACHABLE_CODE = YES;
				CLANG_WARN__DUPLICATE_METHOD_MATCH = YES;
				COPY_PHASE_STRIP = NO;
				DEBUG_INFORMATION_FORMAT = "dwarf-with-dsym";
				ENABLE_NS_ASSERTIONS = NO;
				ENABLE_STRICT_OBJC_MSGSEND = YES;
				GCC_C_LANGUAGE_STANDARD = gnu11;
				GCC_NO_COMMON_BLOCKS = YES;
				GCC_WARN_64_TO_32_BIT_CONVERSION = YES;
				GCC_WARN_ABOUT_RETURN_TYPE = YES_ERROR;
				GCC_WARN_UNDECLARED_SELECTOR = YES;
				GCC_WARN_UNINITIALIZED_AUTOS = YES_AGGRESSIVE;
				GCC_WARN_UNUSED_FUNCTION = YES;
				GCC_WARN_UNUSED_VARIABLE = YES;
				IPHONEOS_DEPLOYMENT_TARGET = 15.2;
				MTL_ENABLE_DEBUG_INFO = NO;
				MTL_FAST_MATH = YES;
				SDKROOT = iphoneos;
				SWIFT_COMPILATION_MODE = wholemodule;
				SWIFT_OPTIMIZATION_LEVEL = "-O";
				VALIDATE_PRODUCT = YES;
			};
			name = Release;
		};
		26FCE6DE27D1F9C700C229DA /* Debug */ = {
			isa = XCBuildConfiguration;
			baseConfigurationReference = 67BF383CCDD0E96374B9F2A1 /* Pods-INCommonsExample.debug.xcconfig */;
			buildSettings = {
				ASSETCATALOG_COMPILER_APPICON_NAME = AppIcon;
				ASSETCATALOG_COMPILER_GLOBAL_ACCENT_COLOR_NAME = AccentColor;
				CODE_SIGN_STYLE = Automatic;
				CURRENT_PROJECT_VERSION = 7;
				DEVELOPMENT_ASSET_PATHS = "\"Sources/INCommonsExample/Preview Content\"";
				DEVELOPMENT_TEAM = H6T8HJZGHY;
				ENABLE_PREVIEWS = YES;
				GENERATE_INFOPLIST_FILE = YES;
				INFOPLIST_KEY_UIApplicationSceneManifest_Generation = YES;
				INFOPLIST_KEY_UIApplicationSupportsIndirectInputEvents = YES;
				INFOPLIST_KEY_UILaunchScreen_Generation = YES;
				INFOPLIST_KEY_UISupportedInterfaceOrientations_iPad = "UIInterfaceOrientationPortrait UIInterfaceOrientationPortraitUpsideDown UIInterfaceOrientationLandscapeLeft UIInterfaceOrientationLandscapeRight";
				INFOPLIST_KEY_UISupportedInterfaceOrientations_iPhone = "UIInterfaceOrientationPortrait UIInterfaceOrientationLandscapeLeft UIInterfaceOrientationLandscapeRight";
				IPHONEOS_DEPLOYMENT_TARGET = 15.0;
				LD_RUNPATH_SEARCH_PATHS = (
					"$(inherited)",
					"@executable_path/Frameworks",
				);
				MARKETING_VERSION = 1.0;
				PRODUCT_BUNDLE_IDENTIFIER = "com.indie-software.INCommonsExample";
				PRODUCT_NAME = "$(TARGET_NAME)";
				SWIFT_EMIT_LOC_STRINGS = YES;
				SWIFT_VERSION = 5.0;
				TARGETED_DEVICE_FAMILY = "1,2";
			};
			name = Debug;
		};
		26FCE6DF27D1F9C700C229DA /* Release */ = {
			isa = XCBuildConfiguration;
			baseConfigurationReference = D8B4F37595AC576D2D0591E2 /* Pods-INCommonsExample.release.xcconfig */;
			buildSettings = {
				ASSETCATALOG_COMPILER_APPICON_NAME = AppIcon;
				ASSETCATALOG_COMPILER_GLOBAL_ACCENT_COLOR_NAME = AccentColor;
				CODE_SIGN_STYLE = Automatic;
				CURRENT_PROJECT_VERSION = 7;
				DEVELOPMENT_ASSET_PATHS = "\"Sources/INCommonsExample/Preview Content\"";
				DEVELOPMENT_TEAM = H6T8HJZGHY;
				ENABLE_PREVIEWS = YES;
				GENERATE_INFOPLIST_FILE = YES;
				INFOPLIST_KEY_UIApplicationSceneManifest_Generation = YES;
				INFOPLIST_KEY_UIApplicationSupportsIndirectInputEvents = YES;
				INFOPLIST_KEY_UILaunchScreen_Generation = YES;
				INFOPLIST_KEY_UISupportedInterfaceOrientations_iPad = "UIInterfaceOrientationPortrait UIInterfaceOrientationPortraitUpsideDown UIInterfaceOrientationLandscapeLeft UIInterfaceOrientationLandscapeRight";
				INFOPLIST_KEY_UISupportedInterfaceOrientations_iPhone = "UIInterfaceOrientationPortrait UIInterfaceOrientationLandscapeLeft UIInterfaceOrientationLandscapeRight";
				IPHONEOS_DEPLOYMENT_TARGET = 15.0;
				LD_RUNPATH_SEARCH_PATHS = (
					"$(inherited)",
					"@executable_path/Frameworks",
				);
				MARKETING_VERSION = 1.0;
				PRODUCT_BUNDLE_IDENTIFIER = "com.indie-software.INCommonsExample";
				PRODUCT_NAME = "$(TARGET_NAME)";
				SWIFT_EMIT_LOC_STRINGS = YES;
				SWIFT_VERSION = 5.0;
				TARGETED_DEVICE_FAMILY = "1,2";
			};
			name = Release;
		};
		26FCE6FF27D1FAD700C229DA /* Debug */ = {
			isa = XCBuildConfiguration;
			baseConfigurationReference = 1D3CF85261265366D7A83882 /* Pods-INCommons.debug.xcconfig */;
			buildSettings = {
				APPLICATION_EXTENSION_API_ONLY = YES;
				CODE_SIGN_STYLE = Automatic;
				CURRENT_PROJECT_VERSION = 7;
				DEFINES_MODULE = YES;
				DEVELOPMENT_TEAM = H6T8HJZGHY;
				DYLIB_COMPATIBILITY_VERSION = 1;
				DYLIB_CURRENT_VERSION = 7;
				DYLIB_INSTALL_NAME_BASE = "@rpath";
				GENERATE_INFOPLIST_FILE = YES;
				INFOPLIST_KEY_NSHumanReadableCopyright = "";
				INSTALL_PATH = "$(LOCAL_LIBRARY_DIR)/Frameworks";
				IPHONEOS_DEPLOYMENT_TARGET = 15.0;
				LD_RUNPATH_SEARCH_PATHS = (
					"$(inherited)",
					"@executable_path/Frameworks",
					"@loader_path/Frameworks",
				);
				MARKETING_VERSION = 3.0.0;
				PRODUCT_BUNDLE_IDENTIFIER = "com.indie-software.INCommons";
				PRODUCT_NAME = "$(TARGET_NAME:c99extidentifier)";
				SKIP_INSTALL = YES;
				SWIFT_EMIT_LOC_STRINGS = YES;
				SWIFT_VERSION = 5.0;
				TARGETED_DEVICE_FAMILY = "1,2";
				VERSIONING_SYSTEM = "apple-generic";
				VERSION_INFO_PREFIX = "";
			};
			name = Debug;
		};
		26FCE70027D1FAD700C229DA /* Release */ = {
			isa = XCBuildConfiguration;
			baseConfigurationReference = D2E8259FAF6787CBFA87BD66 /* Pods-INCommons.release.xcconfig */;
			buildSettings = {
				APPLICATION_EXTENSION_API_ONLY = YES;
				CODE_SIGN_STYLE = Automatic;
				CURRENT_PROJECT_VERSION = 7;
				DEFINES_MODULE = YES;
				DEVELOPMENT_TEAM = H6T8HJZGHY;
				DYLIB_COMPATIBILITY_VERSION = 1;
				DYLIB_CURRENT_VERSION = 7;
				DYLIB_INSTALL_NAME_BASE = "@rpath";
				GENERATE_INFOPLIST_FILE = YES;
				INFOPLIST_KEY_NSHumanReadableCopyright = "";
				INSTALL_PATH = "$(LOCAL_LIBRARY_DIR)/Frameworks";
				IPHONEOS_DEPLOYMENT_TARGET = 15.0;
				LD_RUNPATH_SEARCH_PATHS = (
					"$(inherited)",
					"@executable_path/Frameworks",
					"@loader_path/Frameworks",
				);
				MARKETING_VERSION = 3.0.0;
				PRODUCT_BUNDLE_IDENTIFIER = "com.indie-software.INCommons";
				PRODUCT_NAME = "$(TARGET_NAME:c99extidentifier)";
				SKIP_INSTALL = YES;
				SWIFT_EMIT_LOC_STRINGS = YES;
				SWIFT_VERSION = 5.0;
				TARGETED_DEVICE_FAMILY = "1,2";
				VERSIONING_SYSTEM = "apple-generic";
				VERSION_INFO_PREFIX = "";
			};
			name = Release;
		};
		26FCE70327D1FAD700C229DA /* Debug */ = {
			isa = XCBuildConfiguration;
			buildSettings = {
				ALWAYS_EMBED_SWIFT_STANDARD_LIBRARIES = YES;
				CODE_SIGN_STYLE = Automatic;
				CURRENT_PROJECT_VERSION = 7;
				DEVELOPMENT_TEAM = H6T8HJZGHY;
				GENERATE_INFOPLIST_FILE = YES;
				MARKETING_VERSION = 1.0;
				PRODUCT_BUNDLE_IDENTIFIER = "com.indie-software.INCommonsTests";
				PRODUCT_NAME = "$(TARGET_NAME)";
				SWIFT_EMIT_LOC_STRINGS = NO;
				SWIFT_VERSION = 5.0;
				TARGETED_DEVICE_FAMILY = "1,2";
			};
			name = Debug;
		};
		26FCE70427D1FAD700C229DA /* Release */ = {
			isa = XCBuildConfiguration;
			buildSettings = {
				ALWAYS_EMBED_SWIFT_STANDARD_LIBRARIES = YES;
				CODE_SIGN_STYLE = Automatic;
				CURRENT_PROJECT_VERSION = 7;
				DEVELOPMENT_TEAM = H6T8HJZGHY;
				GENERATE_INFOPLIST_FILE = YES;
				MARKETING_VERSION = 1.0;
				PRODUCT_BUNDLE_IDENTIFIER = "com.indie-software.INCommonsTests";
				PRODUCT_NAME = "$(TARGET_NAME)";
				SWIFT_EMIT_LOC_STRINGS = NO;
				SWIFT_VERSION = 5.0;
				TARGETED_DEVICE_FAMILY = "1,2";
			};
			name = Release;
		};
		26FCE71227D215C800C229DA /* Debug */ = {
			isa = XCBuildConfiguration;
			buildSettings = {
				CODE_SIGN_STYLE = Automatic;
				DEVELOPMENT_TEAM = H6T8HJZGHY;
				PRODUCT_NAME = "$(TARGET_NAME)";
			};
			name = Debug;
		};
		26FCE71327D215C800C229DA /* Release */ = {
			isa = XCBuildConfiguration;
			buildSettings = {
				CODE_SIGN_STYLE = Automatic;
				DEVELOPMENT_TEAM = H6T8HJZGHY;
				PRODUCT_NAME = "$(TARGET_NAME)";
			};
			name = Release;
		};
/* End XCBuildConfiguration section */

/* Begin XCConfigurationList section */
		26FCE6CA27D1F9C600C229DA /* Build configuration list for PBXProject "INCommons" */ = {
			isa = XCConfigurationList;
			buildConfigurations = (
				26FCE6DB27D1F9C700C229DA /* Debug */,
				26FCE6DC27D1F9C700C229DA /* Release */,
			);
			defaultConfigurationIsVisible = 0;
			defaultConfigurationName = Release;
		};
		26FCE6DD27D1F9C700C229DA /* Build configuration list for PBXNativeTarget "INCommonsExample" */ = {
			isa = XCConfigurationList;
			buildConfigurations = (
				26FCE6DE27D1F9C700C229DA /* Debug */,
				26FCE6DF27D1F9C700C229DA /* Release */,
			);
			defaultConfigurationIsVisible = 0;
			defaultConfigurationName = Release;
		};
		26FCE6FE27D1FAD700C229DA /* Build configuration list for PBXNativeTarget "INCommons" */ = {
			isa = XCConfigurationList;
			buildConfigurations = (
				26FCE6FF27D1FAD700C229DA /* Debug */,
				26FCE70027D1FAD700C229DA /* Release */,
			);
			defaultConfigurationIsVisible = 0;
			defaultConfigurationName = Release;
		};
		26FCE70227D1FAD700C229DA /* Build configuration list for PBXNativeTarget "INCommonsTests" */ = {
			isa = XCConfigurationList;
			buildConfigurations = (
				26FCE70327D1FAD700C229DA /* Debug */,
				26FCE70427D1FAD700C229DA /* Release */,
			);
			defaultConfigurationIsVisible = 0;
			defaultConfigurationName = Release;
		};
		26FCE71127D215C800C229DA /* Build configuration list for PBXAggregateTarget "SwiftFormat" */ = {
			isa = XCConfigurationList;
			buildConfigurations = (
				26FCE71227D215C800C229DA /* Debug */,
				26FCE71327D215C800C229DA /* Release */,
			);
			defaultConfigurationIsVisible = 0;
			defaultConfigurationName = Release;
		};
/* End XCConfigurationList section */
	};
	rootObject = 26FCE6C727D1F9C600C229DA /* Project object */;
}
